
Microsoft Visual Studio Solution File, Format Version 12.00
# Visual Studio Version 16
VisualStudioVersion = 16.0.29102.190
MinimumVisualStudioVersion = 10.0.40219.1
Project("{9A19103F-16F7-4668-BE54-9A1E7A4F7556}") = "SeamCarving", "SeamCarving\SeamCarving.csproj", "{A70CF3D0-8316-44AD-9A5E-F3D04D601478}"
EndProject
Project("{FAE04EC0-301F-11D3-BF4B-00C04F79EFBC}") = "TestingOtherLibraries", "TestingOtherLibraries\TestingOtherLibraries.csproj", "{301A4097-FAB8-4876-9743-76261C4AED18}"
EndProject
Project("{FAE04EC0-301F-11D3-BF4B-00C04F79EFBC}") = "ContentAware", "ContentAware\ContentAware.csproj", "{A269F73A-B222-476F-909E-5C5C4ACC44F4}"
EndProject
Global
	GlobalSection(SolutionConfigurationPlatforms) = preSolution
		Debug|Any CPU = Debug|Any CPU
		Release|Any CPU = Release|Any CPU
	EndGlobalSection
	GlobalSection(ProjectConfigurationPlatforms) = postSolution
		{A70CF3D0-8316-44AD-9A5E-F3D04D601478}.Debug|Any CPU.ActiveCfg = Debug|Any CPU
		{A70CF3D0-8316-44AD-9A5E-F3D04D601478}.Debug|Any CPU.Build.0 = Debug|Any CPU
		{A70CF3D0-8316-44AD-9A5E-F3D04D601478}.Release|Any CPU.ActiveCfg = Release|Any CPU
		{A70CF3D0-8316-44AD-9A5E-F3D04D601478}.Release|Any CPU.Build.0 = Release|Any CPU
		{301A4097-FAB8-4876-9743-76261C4AED18}.Debug|Any CPU.ActiveCfg = Debug|Any CPU
		{301A4097-FAB8-4876-9743-76261C4AED18}.Debug|Any CPU.Build.0 = Debug|Any CPU
		{301A4097-FAB8-4876-9743-76261C4AED18}.Release|Any CPU.ActiveCfg = Release|Any CPU
		{301A4097-FAB8-4876-9743-76261C4AED18}.Release|Any CPU.Build.0 = Release|Any CPU
		{A269F73A-B222-476F-909E-5C5C4ACC44F4}.Debug|Any CPU.ActiveCfg = Debug|Any CPU
		{A269F73A-B222-476F-909E-5C5C4ACC44F4}.Debug|Any CPU.Build.0 = Debug|Any CPU
		{A269F73A-B222-476F-909E-5C5C4ACC44F4}.Release|Any CPU.ActiveCfg = Release|Any CPU
		{A269F73A-B222-476F-909E-5C5C4ACC44F4}.Release|Any CPU.Build.0 = Release|Any CPU
	EndGlobalSection
	GlobalSection(SolutionProperties) = preSolution
		HideSolutionNode = FALSE
	EndGlobalSection
	GlobalSection(ExtensibilityGlobals) = postSolution
		SolutionGuid = {6B53C5E0-F870-485D-82E5-4227F74F015B}
	EndGlobalSection
EndGlobal
